
Microsoft Visual Studio Solution File, Format Version 12.00
# Visual Studio Version 16
VisualStudioVersion = 16.0.29721.120
MinimumVisualStudioVersion = 10.0.40219.1
Project("{8BC9CEB8-8B4A-11D0-8D11-00A0C91BC942}") = "复数相加重载函数", "复数相加重载函数.vcxproj", "{10D6493C-C1E7-4038-8165-BA113FF0D99B}"
EndProject
Project("{8BC9CEB8-8B4A-11D0-8D11-00A0C91BC942}") = "求解油桶容量和制造该油桶需要的铁皮面积", "..\求解油桶容量和制造该油桶需要的铁皮面积\求解油桶容量和制造该油桶需要的铁皮面积.vcxproj", "{AC33820C-F418-4FDA-9300-279D2487D6D7}"
EndProject
Project("{8BC9CEB8-8B4A-11D0-8D11-00A0C91BC942}") = "account类的设计", "..\account类的设计\account类的设计.vcxproj", "{3B64330C-8239-4953-8520-383982D38370}"
EndProject
Global
	GlobalSection(SolutionConfigurationPlatforms) = preSolution
		Debug|x64 = Debug|x64
		Debug|x86 = Debug|x86
		Release|x64 = Release|x64
		Release|x86 = Release|x86
	EndGlobalSection
	GlobalSection(ProjectConfigurationPlatforms) = postSolution
		{10D6493C-C1E7-4038-8165-BA113FF0D99B}.Debug|x64.ActiveCfg = Debug|x64
		{10D6493C-C1E7-4038-8165-BA113FF0D99B}.Debug|x64.Build.0 = Debug|x64
		{10D6493C-C1E7-4038-8165-BA113FF0D99B}.Debug|x86.ActiveCfg = Debug|Win32
		{10D6493C-C1E7-4038-8165-BA113FF0D99B}.Debug|x86.Build.0 = Debug|Win32
		{10D6493C-C1E7-4038-8165-BA113FF0D99B}.Release|x64.ActiveCfg = Release|x64
		{10D6493C-C1E7-4038-8165-BA113FF0D99B}.Release|x64.Build.0 = Release|x64
		{10D6493C-C1E7-4038-8165-BA113FF0D99B}.Release|x86.ActiveCfg = Release|Win32
		{10D6493C-C1E7-4038-8165-BA113FF0D99B}.Release|x86.Build.0 = Release|Win32
		{AC33820C-F418-4FDA-9300-279D2487D6D7}.Debug|x64.ActiveCfg = Debug|x64
		{AC33820C-F418-4FDA-9300-279D2487D6D7}.Debug|x64.Build.0 = Debug|x64
		{AC33820C-F418-4FDA-9300-279D2487D6D7}.Debug|x86.ActiveCfg = Debug|Win32
		{AC33820C-F418-4FDA-9300-279D2487D6D7}.Debug|x86.Build.0 = Debug|Win32
		{AC33820C-F418-4FDA-9300-279D2487D6D7}.Release|x64.ActiveCfg = Release|x64
		{AC33820C-F418-4FDA-9300-279D2487D6D7}.Release|x64.Build.0 = Release|x64
		{AC33820C-F418-4FDA-9300-279D2487D6D7}.Release|x86.ActiveCfg = Release|Win32
		{AC33820C-F418-4FDA-9300-279D2487D6D7}.Release|x86.Build.0 = Release|Win32
		{3B64330C-8239-4953-8520-383982D38370}.Debug|x64.ActiveCfg = Debug|x64
		{3B64330C-8239-4953-8520-383982D38370}.Debug|x64.Build.0 = Debug|x64
		{3B64330C-8239-4953-8520-383982D38370}.Debug|x86.ActiveCfg = Debug|Win32
		{3B64330C-8239-4953-8520-383982D38370}.Debug|x86.Build.0 = Debug|Win32
		{3B64330C-8239-4953-8520-383982D38370}.Release|x64.ActiveCfg = Release|x64
		{3B64330C-8239-4953-8520-383982D38370}.Release|x64.Build.0 = Release|x64
		{3B64330C-8239-4953-8520-383982D38370}.Release|x86.ActiveCfg = Release|Win32
		{3B64330C-8239-4953-8520-383982D38370}.Release|x86.Build.0 = Release|Win32
	EndGlobalSection
	GlobalSection(SolutionProperties) = preSolution
		HideSolutionNode = FALSE
	EndGlobalSection
	GlobalSection(ExtensibilityGlobals) = postSolution
		SolutionGuid = {956F8A51-DD6D-4830-88A2-5586AE8550A3}
	EndGlobalSection
EndGlobal
